// !$*UTF8*$!
{
	archiveVersion = 1;
	classes = {
	};
	objectVersion = 50;
	objects = {

/* Begin PBXBuildFile section */
		5E191AAB224F0B310054312A /* bizhi6.jpg in Resources */ = {isa = PBXBuildFile; fileRef = 5E191AA0224F0B300054312A /* bizhi6.jpg */; };
		5E191AAC224F0B310054312A /* bizhi8.jpg in Resources */ = {isa = PBXBuildFile; fileRef = 5E191AA1224F0B300054312A /* bizhi8.jpg */; };
		5E191AAD224F0B310054312A /* bizhi7.jpg in Resources */ = {isa = PBXBuildFile; fileRef = 5E191AA2224F0B300054312A /* bizhi7.jpg */; };
		5E191AAE224F0B310054312A /* bizhi9.jpg in Resources */ = {isa = PBXBuildFile; fileRef = 5E191AA3224F0B300054312A /* bizhi9.jpg */; };
		5E191AAF224F0B310054312A /* bizhi3.jpg in Resources */ = {isa = PBXBuildFile; fileRef = 5E191AA4224F0B310054312A /* bizhi3.jpg */; };
		5E191AB0224F0B310054312A /* bizhi10.jpg in Resources */ = {isa = PBXBuildFile; fileRef = 5E191AA5224F0B310054312A /* bizhi10.jpg */; };
		5E191AB1224F0B310054312A /* bizhi1.jpg in Resources */ = {isa = PBXBuildFile; fileRef = 5E191AA6224F0B310054312A /* bizhi1.jpg */; };
		5E191AB2224F0B310054312A /* bizhi4.jpg in Resources */ = {isa = PBXBuildFile; fileRef = 5E191AA7224F0B310054312A /* bizhi4.jpg */; };
		5E191AB3224F0B310054312A /* bizhi5.jpg in Resources */ = {isa = PBXBuildFile; fileRef = 5E191AA8224F0B310054312A /* bizhi5.jpg */; };
		5E191AB4224F0B310054312A /* bizhi2.jpg in Resources */ = {isa = PBXBuildFile; fileRef = 5E191AA9224F0B310054312A /* bizhi2.jpg */; };
		5E191AB5224F0B310054312A /* bizhi11.jpg in Resources */ = {isa = PBXBuildFile; fileRef = 5E191AAA224F0B310054312A /* bizhi11.jpg */; };
		5E191AB7224F31FB0054312A /* PhotoViewerController.swift in Sources */ = {isa = PBXBuildFile; fileRef = 5E191AB6224F31FB0054312A /* PhotoViewerController.swift */; };
		5E191AB9224F32260054312A /* PhotoViewerCollectionCell.swift in Sources */ = {isa = PBXBuildFile; fileRef = 5E191AB8224F32260054312A /* PhotoViewerCollectionCell.swift */; };
		5E191ABB224F3D0D0054312A /* PhotoViewerPhotoModel.swift in Sources */ = {isa = PBXBuildFile; fileRef = 5E191ABA224F3D0D0054312A /* PhotoViewerPhotoModel.swift */; };
		5EAA6D60224AA1C1000937B9 /* AppDelegate.swift in Sources */ = {isa = PBXBuildFile; fileRef = 5EAA6D5F224AA1C1000937B9 /* AppDelegate.swift */; };
		5EAA6D62224AA1C1000937B9 /* ViewController.swift in Sources */ = {isa = PBXBuildFile; fileRef = 5EAA6D61224AA1C1000937B9 /* ViewController.swift */; };
		5EAA6D65224AA1C1000937B9 /* Main.storyboard in Resources */ = {isa = PBXBuildFile; fileRef = 5EAA6D63224AA1C1000937B9 /* Main.storyboard */; };
		5EAA6D67224AA1C3000937B9 /* Assets.xcassets in Resources */ = {isa = PBXBuildFile; fileRef = 5EAA6D66224AA1C3000937B9 /* Assets.xcassets */; };
		5EAA6D6A224AA1C3000937B9 /* LaunchScreen.storyboard in Resources */ = {isa = PBXBuildFile; fileRef = 5EAA6D68224AA1C3000937B9 /* LaunchScreen.storyboard */; };
		5EAA6D7A224AA2B1000937B9 /* Extension+UIFont.swift in Sources */ = {isa = PBXBuildFile; fileRef = 5EAA6D72224AA2B1000937B9 /* Extension+UIFont.swift */; };
		5EAA6D7B224AA2B1000937B9 /* Extension+UIColor.swift in Sources */ = {isa = PBXBuildFile; fileRef = 5EAA6D73224AA2B1000937B9 /* Extension+UIColor.swift */; };
		5EAA6D7C224AA2B1000937B9 /* Define.swift in Sources */ = {isa = PBXBuildFile; fileRef = 5EAA6D75224AA2B1000937B9 /* Define.swift */; };
		5EAA6D7D224AA2B1000937B9 /* BaseTabBarController.swift in Sources */ = {isa = PBXBuildFile; fileRef = 5EAA6D77224AA2B1000937B9 /* BaseTabBarController.swift */; };
		5EAA6D7E224AA2B1000937B9 /* BaseViewController.swift in Sources */ = {isa = PBXBuildFile; fileRef = 5EAA6D78224AA2B1000937B9 /* BaseViewController.swift */; };
		5EAA6D7F224AA2B1000937B9 /* BaseNavigationController.swift in Sources */ = {isa = PBXBuildFile; fileRef = 5EAA6D79224AA2B1000937B9 /* BaseNavigationController.swift */; };
		A7ED2C4CC67F7716176D3050 /* libPods-Base-UI-Utils.a in Frameworks */ = {isa = PBXBuildFile; fileRef = 19ACF177CE56FC25EA784A96 /* libPods-Base-UI-Utils.a */; };
/* End PBXBuildFile section */

/* Begin PBXFileReference section */
		19ACF177CE56FC25EA784A96 /* libPods-Base-UI-Utils.a */ = {isa = PBXFileReference; explicitFileType = archive.ar; includeInIndex = 0; path = "libPods-Base-UI-Utils.a"; sourceTree = BUILT_PRODUCTS_DIR; };
		5E191AA0224F0B300054312A /* bizhi6.jpg */ = {isa = PBXFileReference; lastKnownFileType = image.jpeg; path = bizhi6.jpg; sourceTree = "<group>"; };
		5E191AA1224F0B300054312A /* bizhi8.jpg */ = {isa = PBXFileReference; lastKnownFileType = image.jpeg; path = bizhi8.jpg; sourceTree = "<group>"; };
		5E191AA2224F0B300054312A /* bizhi7.jpg */ = {isa = PBXFileReference; lastKnownFileType = image.jpeg; path = bizhi7.jpg; sourceTree = "<group>"; };
		5E191AA3224F0B300054312A /* bizhi9.jpg */ = {isa = PBXFileReference; lastKnownFileType = image.jpeg; path = bizhi9.jpg; sourceTree = "<group>"; };
		5E191AA4224F0B310054312A /* bizhi3.jpg */ = {isa = PBXFileReference; lastKnownFileType = image.jpeg; path = bizhi3.jpg; sourceTree = "<group>"; };
		5E191AA5224F0B310054312A /* bizhi10.jpg */ = {isa = PBXFileReference; lastKnownFileType = image.jpeg; path = bizhi10.jpg; sourceTree = "<group>"; };
		5E191AA6224F0B310054312A /* bizhi1.jpg */ = {isa = PBXFileReference; lastKnownFileType = image.jpeg; path = bizhi1.jpg; sourceTree = "<group>"; };
		5E191AA7224F0B310054312A /* bizhi4.jpg */ = {isa = PBXFileReference; lastKnownFileType = image.jpeg; path = bizhi4.jpg; sourceTree = "<group>"; };
		5E191AA8224F0B310054312A /* bizhi5.jpg */ = {isa = PBXFileReference; lastKnownFileType = image.jpeg; path = bizhi5.jpg; sourceTree = "<group>"; };
		5E191AA9224F0B310054312A /* bizhi2.jpg */ = {isa = PBXFileReference; lastKnownFileType = image.jpeg; path = bizhi2.jpg; sourceTree = "<group>"; };
		5E191AAA224F0B310054312A /* bizhi11.jpg */ = {isa = PBXFileReference; lastKnownFileType = image.jpeg; path = bizhi11.jpg; sourceTree = "<group>"; };
		5E191AB6224F31FB0054312A /* PhotoViewerController.swift */ = {isa = PBXFileReference; lastKnownFileType = sourcecode.swift; path = PhotoViewerController.swift; sourceTree = "<group>"; };
		5E191AB8224F32260054312A /* PhotoViewerCollectionCell.swift */ = {isa = PBXFileReference; lastKnownFileType = sourcecode.swift; path = PhotoViewerCollectionCell.swift; sourceTree = "<group>"; };
		5E191ABA224F3D0D0054312A /* PhotoViewerPhotoModel.swift */ = {isa = PBXFileReference; lastKnownFileType = sourcecode.swift; path = PhotoViewerPhotoModel.swift; sourceTree = "<group>"; };
		5EAA6D5C224AA1C1000937B9 /* Base-UI-Utils.app */ = {isa = PBXFileReference; explicitFileType = wrapper.application; includeInIndex = 0; path = "Base-UI-Utils.app"; sourceTree = BUILT_PRODUCTS_DIR; };
		5EAA6D5F224AA1C1000937B9 /* AppDelegate.swift */ = {isa = PBXFileReference; lastKnownFileType = sourcecode.swift; path = AppDelegate.swift; sourceTree = "<group>"; };
		5EAA6D61224AA1C1000937B9 /* ViewController.swift */ = {isa = PBXFileReference; lastKnownFileType = sourcecode.swift; path = ViewController.swift; sourceTree = "<group>"; };
		5EAA6D64224AA1C1000937B9 /* Base */ = {isa = PBXFileReference; lastKnownFileType = file.storyboard; name = Base; path = Base.lproj/Main.storyboard; sourceTree = "<group>"; };
		5EAA6D66224AA1C3000937B9 /* Assets.xcassets */ = {isa = PBXFileReference; lastKnownFileType = folder.assetcatalog; path = Assets.xcassets; sourceTree = "<group>"; };
		5EAA6D69224AA1C3000937B9 /* Base */ = {isa = PBXFileReference; lastKnownFileType = file.storyboard; name = Base; path = Base.lproj/LaunchScreen.storyboard; sourceTree = "<group>"; };
		5EAA6D6B224AA1C3000937B9 /* Info.plist */ = {isa = PBXFileReference; lastKnownFileType = text.plist.xml; path = Info.plist; sourceTree = "<group>"; };
		5EAA6D72224AA2B1000937B9 /* Extension+UIFont.swift */ = {isa = PBXFileReference; fileEncoding = 4; lastKnownFileType = sourcecode.swift; path = "Extension+UIFont.swift"; sourceTree = "<group>"; };
		5EAA6D73224AA2B1000937B9 /* Extension+UIColor.swift */ = {isa = PBXFileReference; fileEncoding = 4; lastKnownFileType = sourcecode.swift; path = "Extension+UIColor.swift"; sourceTree = "<group>"; };
		5EAA6D75224AA2B1000937B9 /* Define.swift */ = {isa = PBXFileReference; fileEncoding = 4; lastKnownFileType = sourcecode.swift; path = Define.swift; sourceTree = "<group>"; };
		5EAA6D77224AA2B1000937B9 /* BaseTabBarController.swift */ = {isa = PBXFileReference; fileEncoding = 4; lastKnownFileType = sourcecode.swift; path = BaseTabBarController.swift; sourceTree = "<group>"; };
		5EAA6D78224AA2B1000937B9 /* BaseViewController.swift */ = {isa = PBXFileReference; fileEncoding = 4; lastKnownFileType = sourcecode.swift; path = BaseViewController.swift; sourceTree = "<group>"; };
		5EAA6D79224AA2B1000937B9 /* BaseNavigationController.swift */ = {isa = PBXFileReference; fileEncoding = 4; lastKnownFileType = sourcecode.swift; path = BaseNavigationController.swift; sourceTree = "<group>"; };
		B5392FF69C7A7F587CD06868 /* Pods-Base-UI-Utils.release.xcconfig */ = {isa = PBXFileReference; includeInIndex = 1; lastKnownFileType = text.xcconfig; name = "Pods-Base-UI-Utils.release.xcconfig"; path = "Target Support Files/Pods-Base-UI-Utils/Pods-Base-UI-Utils.release.xcconfig"; sourceTree = "<group>"; };
		D4DA4399EDCF3E83C4AAC11F /* Pods-Base-UI-Utils.debug.xcconfig */ = {isa = PBXFileReference; includeInIndex = 1; lastKnownFileType = text.xcconfig; name = "Pods-Base-UI-Utils.debug.xcconfig"; path = "Target Support Files/Pods-Base-UI-Utils/Pods-Base-UI-Utils.debug.xcconfig"; sourceTree = "<group>"; };
/* End PBXFileReference section */

/* Begin PBXFrameworksBuildPhase section */
		5EAA6D59224AA1C1000937B9 /* Frameworks */ = {
			isa = PBXFrameworksBuildPhase;
			buildActionMask = 2147483647;
			files = (
				A7ED2C4CC67F7716176D3050 /* libPods-Base-UI-Utils.a in Frameworks */,
			);
			runOnlyForDeploymentPostprocessing = 0;
		};
/* End PBXFrameworksBuildPhase section */

/* Begin PBXGroup section */
		216B484404EC4BDBCA4813E8 /* Frameworks */ = {
			isa = PBXGroup;
			children = (
				19ACF177CE56FC25EA784A96 /* libPods-Base-UI-Utils.a */,
			);
			name = Frameworks;
			sourceTree = "<group>";
		};
		5E191A99224F0B000054312A /* Module */ = {
			isa = PBXGroup;
			children = (
				5E191A9A224F0B000054312A /* PhotoViewer */,
			);
			path = Module;
			sourceTree = "<group>";
		};
		5E191A9A224F0B000054312A /* PhotoViewer */ = {
			isa = PBXGroup;
			children = (
				5E191A9B224F0B000054312A /* Controller */,
				5E191A9C224F0B000054312A /* Model */,
				5E191A9D224F0B000054312A /* View */,
			);
			path = PhotoViewer;
			sourceTree = "<group>";
		};
		5E191A9B224F0B000054312A /* Controller */ = {
			isa = PBXGroup;
			children = (
				5E191AB6224F31FB0054312A /* PhotoViewerController.swift */,
			);
			path = Controller;
			sourceTree = "<group>";
		};
		5E191A9C224F0B000054312A /* Model */ = {
			isa = PBXGroup;
			children = (
				5E191ABA224F3D0D0054312A /* PhotoViewerPhotoModel.swift */,
			);
			path = Model;
			sourceTree = "<group>";
		};
		5E191A9D224F0B000054312A /* View */ = {
			isa = PBXGroup;
			children = (
				5E191AB8224F32260054312A /* PhotoViewerCollectionCell.swift */,
			);
			path = View;
			sourceTree = "<group>";
		};
		5E191A9E224F0B120054312A /* ImageSet */ = {
			isa = PBXGroup;
			children = (
				5E31E0B42250BE4B003AEE73 /* Set */,
				5E191A9F224F0B250054312A /* PhotoViewer */,
			);
			path = ImageSet;
			sourceTree = "<group>";
		};
		5E191A9F224F0B250054312A /* PhotoViewer */ = {
			isa = PBXGroup;
			children = (
				5E191AA9224F0B310054312A /* bizhi2.jpg */,
				5E191AA0224F0B300054312A /* bizhi6.jpg */,
				5E191AA5224F0B310054312A /* bizhi10.jpg */,
			);
			path = PhotoViewer;
			sourceTree = "<group>";
		};
		5E31E0B42250BE4B003AEE73 /* Set */ = {
			isa = PBXGroup;
			children = (
				5E191AA6224F0B310054312A /* bizhi1.jpg */,
				5E191AA4224F0B310054312A /* bizhi3.jpg */,
				5E191AA7224F0B310054312A /* bizhi4.jpg */,
				5E191AA8224F0B310054312A /* bizhi5.jpg */,
				5E191AA2224F0B300054312A /* bizhi7.jpg */,
				5E191AA1224F0B300054312A /* bizhi8.jpg */,
				5E191AA3224F0B300054312A /* bizhi9.jpg */,
				5E191AAA224F0B310054312A /* bizhi11.jpg */,
			);
			path = Set;
			sourceTree = "<group>";
		};
		5EAA6D53224AA1C1000937B9 = {
			isa = PBXGroup;
			children = (
				5EAA6D5E224AA1C1000937B9 /* Base-UI-Utils */,
				5EAA6D5D224AA1C1000937B9 /* Products */,
				D186D6219EB29FD1455C21A3 /* Pods */,
				216B484404EC4BDBCA4813E8 /* Frameworks */,
			);
			sourceTree = "<group>";
		};
		5EAA6D5D224AA1C1000937B9 /* Products */ = {
			isa = PBXGroup;
			children = (
				5EAA6D5C224AA1C1000937B9 /* Base-UI-Utils.app */,
			);
			name = Products;
			sourceTree = "<group>";
		};
		5EAA6D5E224AA1C1000937B9 /* Base-UI-Utils */ = {
			isa = PBXGroup;
			children = (
				5EAA6D5F224AA1C1000937B9 /* AppDelegate.swift */,
				5EAA6D61224AA1C1000937B9 /* ViewController.swift */,
				5E191A9E224F0B120054312A /* ImageSet */,
				5E191A99224F0B000054312A /* Module */,
				5EAA6D76224AA2B1000937B9 /* BaseController */,
				5EAA6D71224AA2B1000937B9 /* Extension */,
				5EAA6D74224AA2B1000937B9 /* Tools */,
				5EAA6D63224AA1C1000937B9 /* Main.storyboard */,
				5EAA6D66224AA1C3000937B9 /* Assets.xcassets */,
				5EAA6D68224AA1C3000937B9 /* LaunchScreen.storyboard */,
				5EAA6D6B224AA1C3000937B9 /* Info.plist */,
			);
			path = "Base-UI-Utils";
			sourceTree = "<group>";
		};
		5EAA6D71224AA2B1000937B9 /* Extension */ = {
			isa = PBXGroup;
			children = (
				5EAA6D72224AA2B1000937B9 /* Extension+UIFont.swift */,
				5EAA6D73224AA2B1000937B9 /* Extension+UIColor.swift */,
			);
			path = Extension;
			sourceTree = "<group>";
		};
		5EAA6D74224AA2B1000937B9 /* Tools */ = {
			isa = PBXGroup;
			children = (
				5EAA6D75224AA2B1000937B9 /* Define.swift */,
			);
			path = Tools;
			sourceTree = "<group>";
		};
		5EAA6D76224AA2B1000937B9 /* BaseController */ = {
			isa = PBXGroup;
			children = (
				5EAA6D77224AA2B1000937B9 /* BaseTabBarController.swift */,
				5EAA6D78224AA2B1000937B9 /* BaseViewController.swift */,
				5EAA6D79224AA2B1000937B9 /* BaseNavigationController.swift */,
			);
			path = BaseController;
			sourceTree = "<group>";
		};
		D186D6219EB29FD1455C21A3 /* Pods */ = {
			isa = PBXGroup;
			children = (
				D4DA4399EDCF3E83C4AAC11F /* Pods-Base-UI-Utils.debug.xcconfig */,
				B5392FF69C7A7F587CD06868 /* Pods-Base-UI-Utils.release.xcconfig */,
			);
			path = Pods;
			sourceTree = "<group>";
		};
/* End PBXGroup section */

/* Begin PBXNativeTarget section */
		5EAA6D5B224AA1C1000937B9 /* Base-UI-Utils */ = {
			isa = PBXNativeTarget;
			buildConfigurationList = 5EAA6D6E224AA1C3000937B9 /* Build configuration list for PBXNativeTarget "Base-UI-Utils" */;
			buildPhases = (
				9B4AE878557803EAFE413731 /* [CP] Check Pods Manifest.lock */,
				5EAA6D58224AA1C1000937B9 /* Sources */,
				5EAA6D59224AA1C1000937B9 /* Frameworks */,
				5EAA6D5A224AA1C1000937B9 /* Resources */,
			);
			buildRules = (
			);
			dependencies = (
			);
			name = "Base-UI-Utils";
			productName = "Base-UI-Utils";
			productReference = 5EAA6D5C224AA1C1000937B9 /* Base-UI-Utils.app */;
			productType = "com.apple.product-type.application";
		};
/* End PBXNativeTarget section */

/* Begin PBXProject section */
		5EAA6D54224AA1C1000937B9 /* Project object */ = {
			isa = PBXProject;
			attributes = {
				LastSwiftUpdateCheck = 1010;
				LastUpgradeCheck = 1010;
				ORGANIZATIONNAME = LangFZ;
				TargetAttributes = {
					5EAA6D5B224AA1C1000937B9 = {
						CreatedOnToolsVersion = 10.1;
					};
				};
			};
			buildConfigurationList = 5EAA6D57224AA1C1000937B9 /* Build configuration list for PBXProject "Base-UI-Utils" */;
			compatibilityVersion = "Xcode 9.3";
			developmentRegion = en;
			hasScannedForEncodings = 0;
			knownRegions = (
				en,
				Base,
			);
			mainGroup = 5EAA6D53224AA1C1000937B9;
			productRefGroup = 5EAA6D5D224AA1C1000937B9 /* Products */;
			projectDirPath = "";
			projectRoot = "";
			targets = (
				5EAA6D5B224AA1C1000937B9 /* Base-UI-Utils */,
			);
		};
/* End PBXProject section */

/* Begin PBXResourcesBuildPhase section */
		5EAA6D5A224AA1C1000937B9 /* Resources */ = {
			isa = PBXResourcesBuildPhase;
			buildActionMask = 2147483647;
			files = (
				5E191AB2224F0B310054312A /* bizhi4.jpg in Resources */,
				5EAA6D6A224AA1C3000937B9 /* LaunchScreen.storyboard in Resources */,
				5E191AAB224F0B310054312A /* bizhi6.jpg in Resources */,
				5E191AB4224F0B310054312A /* bizhi2.jpg in Resources */,
				5E191AB1224F0B310054312A /* bizhi1.jpg in Resources */,
				5E191AB3224F0B310054312A /* bizhi5.jpg in Resources */,
				5E191AB5224F0B310054312A /* bizhi11.jpg in Resources */,
				5E191AAF224F0B310054312A /* bizhi3.jpg in Resources */,
				5E191AAD224F0B310054312A /* bizhi7.jpg in Resources */,
				5E191AB0224F0B310054312A /* bizhi10.jpg in Resources */,
				5E191AAC224F0B310054312A /* bizhi8.jpg in Resources */,
				5EAA6D67224AA1C3000937B9 /* Assets.xcassets in Resources */,
				5E191AAE224F0B310054312A /* bizhi9.jpg in Resources */,
				5EAA6D65224AA1C1000937B9 /* Main.storyboard in Resources */,
			);
			runOnlyForDeploymentPostprocessing = 0;
		};
/* End PBXResourcesBuildPhase section */

/* Begin PBXShellScriptBuildPhase section */
		9B4AE878557803EAFE413731 /* [CP] Check Pods Manifest.lock */ = {
			isa = PBXShellScriptBuildPhase;
			buildActionMask = 2147483647;
			files = (
			);
			inputFileListPaths = (
			);
			inputPaths = (
				"${PODS_PODFILE_DIR_PATH}/Podfile.lock",
				"${PODS_ROOT}/Manifest.lock",
			);
			name = "[CP] Check Pods Manifest.lock";
			outputFileListPaths = (
			);
			outputPaths = (
				"$(DERIVED_FILE_DIR)/Pods-Base-UI-Utils-checkManifestLockResult.txt",
			);
			runOnlyForDeploymentPostprocessing = 0;
			shellPath = /bin/sh;
			shellScript = "diff \"${PODS_PODFILE_DIR_PATH}/Podfile.lock\" \"${PODS_ROOT}/Manifest.lock\" > /dev/null\nif [ $? != 0 ] ; then\n    # print error to STDERR\n    echo \"error: The sandbox is not in sync with the Podfile.lock. Run 'pod install' or update your CocoaPods installation.\" >&2\n    exit 1\nfi\n# This output is used by Xcode 'outputs' to avoid re-running this script phase.\necho \"SUCCESS\" > \"${SCRIPT_OUTPUT_FILE_0}\"\n";
			showEnvVarsInLog = 0;
		};
/* End PBXShellScriptBuildPhase section */

/* Begin PBXSourcesBuildPhase section */
		5EAA6D58224AA1C1000937B9 /* Sources */ = {
			isa = PBXSourcesBuildPhase;
			buildActionMask = 2147483647;
			files = (
				5EAA6D7F224AA2B1000937B9 /* BaseNavigationController.swift in Sources */,
				5EAA6D62224AA1C1000937B9 /* ViewController.swift in Sources */,
				5E191AB9224F32260054312A /* PhotoViewerCollectionCell.swift in Sources */,
				5EAA6D7A224AA2B1000937B9 /* Extension+UIFont.swift in Sources */,
				5EAA6D7D224AA2B1000937B9 /* BaseTabBarController.swift in Sources */,
				5EAA6D60224AA1C1000937B9 /* AppDelegate.swift in Sources */,
				5E191AB7224F31FB0054312A /* PhotoViewerController.swift in Sources */,
				5EAA6D7C224AA2B1000937B9 /* Define.swift in Sources */,
				5EAA6D7E224AA2B1000937B9 /* BaseViewController.swift in Sources */,
				5EAA6D7B224AA2B1000937B9 /* Extension+UIColor.swift in Sources */,
				5E191ABB224F3D0D0054312A /* PhotoViewerPhotoModel.swift in Sources */,
			);
			runOnlyForDeploymentPostprocessing = 0;
		};
/* End PBXSourcesBuildPhase section */

/* Begin PBXVariantGroup section */
		5EAA6D63224AA1C1000937B9 /* Main.storyboard */ = {
			isa = PBXVariantGroup;
			children = (
				5EAA6D64224AA1C1000937B9 /* Base */,
			);
			name = Main.storyboard;
			sourceTree = "<group>";
		};
		5EAA6D68224AA1C3000937B9 /* LaunchScreen.storyboard */ = {
			isa = PBXVariantGroup;
			children = (
				5EAA6D69224AA1C3000937B9 /* Base */,
			);
			name = LaunchScreen.storyboard;
			sourceTree = "<group>";
		};
/* End PBXVariantGroup section */

/* Begin XCBuildConfiguration section */
		5EAA6D6C224AA1C3000937B9 /* Debug */ = {
			isa = XCBuildConfiguration;
			buildSettings = {
				ALWAYS_SEARCH_USER_PATHS = NO;
				CLANG_ANALYZER_NONNULL = YES;
				CLANG_ANALYZER_NUMBER_OBJECT_CONVERSION = YES_AGGRESSIVE;
				CLANG_CXX_LANGUAGE_STANDARD = "gnu++14";
				CLANG_CXX_LIBRARY = "libc++";
				CLANG_ENABLE_MODULES = YES;
				CLANG_ENABLE_OBJC_ARC = YES;
				CLANG_ENABLE_OBJC_WEAK = YES;
				CLANG_WARN_BLOCK_CAPTURE_AUTORELEASING = YES;
				CLANG_WARN_BOOL_CONVERSION = YES;
				CLANG_WARN_COMMA = YES;
				CLANG_WARN_CONSTANT_CONVERSION = YES;
				CLANG_WARN_DEPRECATED_OBJC_IMPLEMENTATIONS = YES;
				CLANG_WARN_DIRECT_OBJC_ISA_USAGE = YES_ERROR;
				CLANG_WARN_DOCUMENTATION_COMMENTS = YES;
				CLANG_WARN_EMPTY_BODY = YES;
				CLANG_WARN_ENUM_CONVERSION = YES;
				CLANG_WARN_INFINITE_RECURSION = YES;
				CLANG_WARN_INT_CONVERSION = YES;
				CLANG_WARN_NON_LITERAL_NULL_CONVERSION = YES;
				CLANG_WARN_OBJC_IMPLICIT_RETAIN_SELF = YES;
				CLANG_WARN_OBJC_LITERAL_CONVERSION = YES;
				CLANG_WARN_OBJC_ROOT_CLASS = YES_ERROR;
				CLANG_WARN_RANGE_LOOP_ANALYSIS = YES;
				CLANG_WARN_STRICT_PROTOTYPES = YES;
				CLANG_WARN_SUSPICIOUS_MOVE = YES;
				CLANG_WARN_UNGUARDED_AVAILABILITY = YES_AGGRESSIVE;
				CLANG_WARN_UNREACHABLE_CODE = YES;
				CLANG_WARN__DUPLICATE_METHOD_MATCH = YES;
				CODE_SIGN_IDENTITY = "iPhone Developer";
				COPY_PHASE_STRIP = NO;
				DEBUG_INFORMATION_FORMAT = dwarf;
				ENABLE_STRICT_OBJC_MSGSEND = YES;
				ENABLE_TESTABILITY = YES;
				GCC_C_LANGUAGE_STANDARD = gnu11;
				GCC_DYNAMIC_NO_PIC = NO;
				GCC_NO_COMMON_BLOCKS = YES;
				GCC_OPTIMIZATION_LEVEL = 0;
				GCC_PREPROCESSOR_DEFINITIONS = (
					"DEBUG=1",
					"$(inherited)",
				);
				GCC_WARN_64_TO_32_BIT_CONVERSION = YES;
				GCC_WARN_ABOUT_RETURN_TYPE = YES_ERROR;
				GCC_WARN_UNDECLARED_SELECTOR = YES;
				GCC_WARN_UNINITIALIZED_AUTOS = YES_AGGRESSIVE;
				GCC_WARN_UNUSED_FUNCTION = YES;
				GCC_WARN_UNUSED_VARIABLE = YES;
				IPHONEOS_DEPLOYMENT_TARGET = 9.0;
				MTL_ENABLE_DEBUG_INFO = INCLUDE_SOURCE;
				MTL_FAST_MATH = YES;
				ONLY_ACTIVE_ARCH = YES;
				SDKROOT = iphoneos;
				SWIFT_ACTIVE_COMPILATION_CONDITIONS = DEBUG;
				SWIFT_OPTIMIZATION_LEVEL = "-Onone";
			};
			name = Debug;
		};
		5EAA6D6D224AA1C3000937B9 /* Release */ = {
			isa = XCBuildConfiguration;
			buildSettings = {
				ALWAYS_SEARCH_USER_PATHS = NO;
				CLANG_ANALYZER_NONNULL = YES;
				CLANG_ANALYZER_NUMBER_OBJECT_CONVERSION = YES_AGGRESSIVE;
				CLANG_CXX_LANGUAGE_STANDARD = "gnu++14";
				CLANG_CXX_LIBRARY = "libc++";
				CLANG_ENABLE_MODULES = YES;
				CLANG_ENABLE_OBJC_ARC = YES;
				CLANG_ENABLE_OBJC_WEAK = YES;
				CLANG_WARN_BLOCK_CAPTURE_AUTORELEASING = YES;
				CLANG_WARN_BOOL_CONVERSION = YES;
				CLANG_WARN_COMMA = YES;
				CLANG_WARN_CONSTANT_CONVERSION = YES;
				CLANG_WARN_DEPRECATED_OBJC_IMPLEMENTATIONS = YES;
				CLANG_WARN_DIRECT_OBJC_ISA_USAGE = YES_ERROR;
				CLANG_WARN_DOCUMENTATION_COMMENTS = YES;
				CLANG_WARN_EMPTY_BODY = YES;
				CLANG_WARN_ENUM_CONVERSION = YES;
				CLANG_WARN_INFINITE_RECURSION = YES;
				CLANG_WARN_INT_CONVERSION = YES;
				CLANG_WARN_NON_LITERAL_NULL_CONVERSION = YES;
				CLANG_WARN_OBJC_IMPLICIT_RETAIN_SELF = YES;
				CLANG_WARN_OBJC_LITERAL_CONVERSION = YES;
				CLANG_WARN_OBJC_ROOT_CLASS = YES_ERROR;
				CLANG_WARN_RANGE_LOOP_ANALYSIS = YES;
				CLANG_WARN_STRICT_PROTOTYPES = YES;
				CLANG_WARN_SUSPICIOUS_MOVE = YES;
				CLANG_WARN_UNGUARDED_AVAILABILITY = YES_AGGRESSIVE;
				CLANG_WARN_UNREACHABLE_CODE = YES;
				CLANG_WARN__DUPLICATE_METHOD_MATCH = YES;
				CODE_SIGN_IDENTITY = "iPhone Developer";
				COPY_PHASE_STRIP = NO;
				DEBUG_INFORMATION_FORMAT = "dwarf-with-dsym";
				ENABLE_NS_ASSERTIONS = NO;
				ENABLE_STRICT_OBJC_MSGSEND = YES;
				GCC_C_LANGUAGE_STANDARD = gnu11;
				GCC_NO_COMMON_BLOCKS = YES;
				GCC_WARN_64_TO_32_BIT_CONVERSION = YES;
				GCC_WARN_ABOUT_RETURN_TYPE = YES_ERROR;
				GCC_WARN_UNDECLARED_SELECTOR = YES;
				GCC_WARN_UNINITIALIZED_AUTOS = YES_AGGRESSIVE;
				GCC_WARN_UNUSED_FUNCTION = YES;
				GCC_WARN_UNUSED_VARIABLE = YES;
				IPHONEOS_DEPLOYMENT_TARGET = 9.0;
				MTL_ENABLE_DEBUG_INFO = NO;
				MTL_FAST_MATH = YES;
				SDKROOT = iphoneos;
				SWIFT_COMPILATION_MODE = wholemodule;
				SWIFT_OPTIMIZATION_LEVEL = "-O";
				VALIDATE_PRODUCT = YES;
			};
			name = Release;
		};
		5EAA6D6F224AA1C3000937B9 /* Debug */ = {
			isa = XCBuildConfiguration;
			baseConfigurationReference = D4DA4399EDCF3E83C4AAC11F /* Pods-Base-UI-Utils.debug.xcconfig */;
			buildSettings = {
				ASSETCATALOG_COMPILER_APPICON_NAME = AppIcon;
				CODE_SIGN_STYLE = Automatic;
				DEVELOPMENT_TEAM = 6EMFL9A2M9;
				INFOPLIST_FILE = "Base-UI-Utils/Info.plist";
				IPHONEOS_DEPLOYMENT_TARGET = 9.0;
				LD_RUNPATH_SEARCH_PATHS = (
					"$(inherited)",
					"@executable_path/Frameworks",
				);
				PRODUCT_BUNDLE_IDENTIFIER = "com.LFZ.Base-UI-Utils";
				PRODUCT_NAME = "$(TARGET_NAME)";
				SWIFT_VERSION = 4.2;
				TARGETED_DEVICE_FAMILY = "1,2";
			};
			name = Debug;
		};
		5EAA6D70224AA1C3000937B9 /* Release */ = {
			isa = XCBuildConfiguration;
			baseConfigurationReference = B5392FF69C7A7F587CD06868 /* Pods-Base-UI-Utils.release.xcconfig */;
			buildSettings = {
				ASSETCATALOG_COMPILER_APPICON_NAME = AppIcon;
				CODE_SIGN_STYLE = Automatic;
				DEVELOPMENT_TEAM = 6EMFL9A2M9;
				INFOPLIST_FILE = "Base-UI-Utils/Info.plist";
				IPHONEOS_DEPLOYMENT_TARGET = 9.0;
				LD_RUNPATH_SEARCH_PATHS = (
					"$(inherited)",
					"@executable_path/Frameworks",
				);
				PRODUCT_BUNDLE_IDENTIFIER = "com.LFZ.Base-UI-Utils";
				PRODUCT_NAME = "$(TARGET_NAME)";
				SWIFT_VERSION = 4.2;
				TARGETED_DEVICE_FAMILY = "1,2";
			};
			name = Release;
		};
/* End XCBuildConfiguration section */

/* Begin XCConfigurationList section */
		5EAA6D57224AA1C1000937B9 /* Build configuration list for PBXProject "Base-UI-Utils" */ = {
			isa = XCConfigurationList;
			buildConfigurations = (
				5EAA6D6C224AA1C3000937B9 /* Debug */,
				5EAA6D6D224AA1C3000937B9 /* Release */,
			);
			defaultConfigurationIsVisible = 0;
			defaultConfigurationName = Release;
		};
		5EAA6D6E224AA1C3000937B9 /* Build configuration list for PBXNativeTarget "Base-UI-Utils" */ = {
			isa = XCConfigurationList;
			buildConfigurations = (
				5EAA6D6F224AA1C3000937B9 /* Debug */,
				5EAA6D70224AA1C3000937B9 /* Release */,
			);
			defaultConfigurationIsVisible = 0;
			defaultConfigurationName = Release;
		};
/* End XCConfigurationList section */
	};
	rootObject = 5EAA6D54224AA1C1000937B9 /* Project object */;
}
